github.com/matrix-org/gomatrix v0.0.0-20220926102614-ceba4d9f7530 h1:kHKxCOLcHH8r4Fzarl4+Y3K5hjothkVW5z7T1dUM11U=
github.com/matrix-org/gomatrix v0.0.0-20220926102614-ceba4d9f7530/go.mod h1:/gBX06Kw0exX1HrwmoBibFA98yBk/jxKpGVeyQbff+s=
github.com/russross/blackfriday/v2 v2.1.0 h1:JIOH55/0cWyOuilr9/qlrm0BSXldqnqwMsf35Ld67mk=
github.com/russross/blackfriday/v2 v2.1.0/go.mod h1:+Rmxgy9KzJVeS9/2gXHxylqXiyQDYRxCVz55jmeOWTM=
github.com/sashabaranov/go-openai v1.9.4 h1:KanoCEoowAI45jVXlenMCckutSRr39qOmSi9MyPBfZM=
github.com/sashabaranov/go-openai v1.9.4/go.mod h1:lj5b/K+zjTSFxVLijLSTDZuP7adOgerWeFyZLUhAKRg=
golang.org/x/exp v0.0.0-20230510235704-dd950f8aeaea h1:vLCWI/yYrdEHyN2JzIzPO3aaQJHQdp89IZBA/+azVC4=
golang.org/x/exp v0.0.0-20230510235704-dd950f8aeaea/go.mod h1:V1LtkGg67GoY2N1AnLN78QLrzxkLyJw7RJb1gzOOz9w=
